
Microsoft Visual Studio Solution File, Format Version 12.00
# Visual Studio Version 16
VisualStudioVersion = 16.0.29609.76
MinimumVisualStudioVersion = 10.0.40219.1
Project("{9A19103F-16F7-4668-BE54-9A1E7A4F7556}") = "KastingKafeAPI", "KastingKafeAPI\KastingKafeAPI.csproj", "{32E427C3-C0FA-4002-86FC-091E48BBC9B7}"
EndProject
Project("{FAE04EC0-301F-11D3-BF4B-00C04F79EFBC}") = "KastingKafeAPITests", "KastingKafeAPITests\KastingKafeAPITests.csproj", "{BEDDA81B-D970-4075-9625-85017FF2907E}"
EndProject
Global
	GlobalSection(SolutionConfigurationPlatforms) = preSolution
		Debug|Any CPU = Debug|Any CPU
		Release|Any CPU = Release|Any CPU
	EndGlobalSection
	GlobalSection(ProjectConfigurationPlatforms) = postSolution
		{32E427C3-C0FA-4002-86FC-091E48BBC9B7}.Debug|Any CPU.ActiveCfg = Debug|Any CPU
		{32E427C3-C0FA-4002-86FC-091E48BBC9B7}.Debug|Any CPU.Build.0 = Debug|Any CPU
		{32E427C3-C0FA-4002-86FC-091E48BBC9B7}.Release|Any CPU.ActiveCfg = Release|Any CPU
		{32E427C3-C0FA-4002-86FC-091E48BBC9B7}.Release|Any CPU.Build.0 = Release|Any CPU
		{BEDDA81B-D970-4075-9625-85017FF2907E}.Debug|Any CPU.ActiveCfg = Debug|Any CPU
		{BEDDA81B-D970-4075-9625-85017FF2907E}.Debug|Any CPU.Build.0 = Debug|Any CPU
		{BEDDA81B-D970-4075-9625-85017FF2907E}.Release|Any CPU.ActiveCfg = Release|Any CPU
		{BEDDA81B-D970-4075-9625-85017FF2907E}.Release|Any CPU.Build.0 = Release|Any CPU
	EndGlobalSection
	GlobalSection(SolutionProperties) = preSolution
		HideSolutionNode = FALSE
	EndGlobalSection
	GlobalSection(ExtensibilityGlobals) = postSolution
		SolutionGuid = {0EFAE45B-BD46-4EA5-96B2-453DB4915A0B}
	EndGlobalSection
EndGlobal
